
Microsoft Visual Studio Solution File, Format Version 12.00
# Visual Studio Version 17
VisualStudioVersion = 17.7.34221.43
MinimumVisualStudioVersion = 10.0.40219.1
Project("{9A19103F-16F7-4668-BE54-9A1E7A4F7556}") = "06-PartialsExample", "06-PartialsExample\06-PartialsExample.csproj", "{F74336CA-D4EA-428E-8397-8F10D5F868EF}"
EndProject
Project("{FAE04EC0-301F-11D3-BF4B-00C04F79EFBC}") = "Partial2", "Partial2\Partial2.csproj", "{DDD04621-D49F-46D7-9461-07F5E13368AF}"
EndProject
Global
	GlobalSection(SolutionConfigurationPlatforms) = preSolution
		Debug|Any CPU = Debug|Any CPU
		Release|Any CPU = Release|Any CPU
	EndGlobalSection
	GlobalSection(ProjectConfigurationPlatforms) = postSolution
		{F74336CA-D4EA-428E-8397-8F10D5F868EF}.Debug|Any CPU.ActiveCfg = Debug|Any CPU
		{F74336CA-D4EA-428E-8397-8F10D5F868EF}.Debug|Any CPU.Build.0 = Debug|Any CPU
		{F74336CA-D4EA-428E-8397-8F10D5F868EF}.Release|Any CPU.ActiveCfg = Release|Any CPU
		{F74336CA-D4EA-428E-8397-8F10D5F868EF}.Release|Any CPU.Build.0 = Release|Any CPU
		{DDD04621-D49F-46D7-9461-07F5E13368AF}.Debug|Any CPU.ActiveCfg = Debug|Any CPU
		{DDD04621-D49F-46D7-9461-07F5E13368AF}.Debug|Any CPU.Build.0 = Debug|Any CPU
		{DDD04621-D49F-46D7-9461-07F5E13368AF}.Release|Any CPU.ActiveCfg = Release|Any CPU
		{DDD04621-D49F-46D7-9461-07F5E13368AF}.Release|Any CPU.Build.0 = Release|Any CPU
	EndGlobalSection
	GlobalSection(SolutionProperties) = preSolution
		HideSolutionNode = FALSE
	EndGlobalSection
	GlobalSection(ExtensibilityGlobals) = postSolution
		SolutionGuid = {00C49CA6-A2A7-4E68-AACA-62432A6ADE66}
	EndGlobalSection
EndGlobal
